
Microsoft Visual Studio Solution File, Format Version 12.00
# Visual Studio 2012
Project("{FAE04EC0-301F-11D3-BF4B-00C04F79EFBC}") = "YardiConfig", "YardiConfig\YardiConfig.csproj", "{85B62D2D-F5A7-4870-A696-CAFCC99F98AB}"
EndProject
Project("{FAE04EC0-301F-11D3-BF4B-00C04F79EFBC}") = "NSConfig", "NSConfig\NSConfig.csproj", "{F2A39DA4-3262-4B14-AA10-AAD26FCEE230}"
EndProject
Project("{FAE04EC0-301F-11D3-BF4B-00C04F79EFBC}") = "YardiClients", "YardiClients\YardiClients.csproj", "{AA8BF0AF-7267-4FA7-9482-12622EDBFD9E}"
EndProject
Project("{FAE04EC0-301F-11D3-BF4B-00C04F79EFBC}") = "CreateDataElementFile", "CreateDataElementFile\CreateDataElementFile.csproj", "{E2BC281A-765A-409A-9B5D-5BE51E0F9F88}"
EndProject
Project("{FAE04EC0-301F-11D3-BF4B-00C04F79EFBC}") = "YardiInterface", "YardiInterface\YardiInterface.csproj", "{DCB9D13B-5D4A-47AF-991C-2539D0018582}"
EndProject
Project("{FAE04EC0-301F-11D3-BF4B-00C04F79EFBC}") = "YardiDashboard", "YardiDashboard\YardiDashboard.csproj", "{070DC81C-DBB2-4146-90B8-CE87567E4ACF}"
EndProject
Project("{FAE04EC0-301F-11D3-BF4B-00C04F79EFBC}") = "YardiFileLocator", "YardiFileLocator\YardiFileLocator.csproj", "{F78AFF30-6D0A-45D7-93D7-EED4A1B97C1E}"
EndProject
Project("{FAE04EC0-301F-11D3-BF4B-00C04F79EFBC}") = "YardiData", "YardiData\YardiData.csproj", "{B42466AF-9007-45B9-B238-4E7C89AF4916}"
EndProject
Project("{6141683F-8A12-4E36-9623-2EB02B2C2303}") = "YardiSetup", "YardiSetup\YardiSetup.isproj", "{AADC8B99-BB9F-43D5-9C36-A9D1EBBCAD38}"
	ProjectSection(ProjectDependencies) = postProject
		{070DC81C-DBB2-4146-90B8-CE87567E4ACF} = {070DC81C-DBB2-4146-90B8-CE87567E4ACF}
		{AA8BF0AF-7267-4FA7-9482-12622EDBFD9E} = {AA8BF0AF-7267-4FA7-9482-12622EDBFD9E}
		{DC27A3E6-71FE-4A9A-9372-B85395FCD718} = {DC27A3E6-71FE-4A9A-9372-B85395FCD718}
	EndProjectSection
EndProject
Project("{FAE04EC0-301F-11D3-BF4B-00C04F79EFBC}") = "RealpageData", "RealpageData\RealpageData.csproj", "{DC27A3E6-71FE-4A9A-9372-B85395FCD718}"
EndProject
Global
	GlobalSection(SolutionConfigurationPlatforms) = preSolution
		CD_ROM|Any CPU = CD_ROM|Any CPU
		CD_ROM|Mixed Platforms = CD_ROM|Mixed Platforms
		CD_ROM|x86 = CD_ROM|x86
		Debug|Any CPU = Debug|Any CPU
		Debug|Mixed Platforms = Debug|Mixed Platforms
		Debug|x86 = Debug|x86
		DVD-5|Any CPU = DVD-5|Any CPU
		DVD-5|Mixed Platforms = DVD-5|Mixed Platforms
		DVD-5|x86 = DVD-5|x86
		Release|Any CPU = Release|Any CPU
		Release|Mixed Platforms = Release|Mixed Platforms
		Release|x86 = Release|x86
		SingleImage|Any CPU = SingleImage|Any CPU
		SingleImage|Mixed Platforms = SingleImage|Mixed Platforms
		SingleImage|x86 = SingleImage|x86
	EndGlobalSection
	GlobalSection(ProjectConfigurationPlatforms) = postSolution
		{85B62D2D-F5A7-4870-A696-CAFCC99F98AB}.CD_ROM|Any CPU.ActiveCfg = Release|x86
		{85B62D2D-F5A7-4870-A696-CAFCC99F98AB}.CD_ROM|Mixed Platforms.ActiveCfg = Release|x86
		{85B62D2D-F5A7-4870-A696-CAFCC99F98AB}.CD_ROM|Mixed Platforms.Build.0 = Release|x86
		{85B62D2D-F5A7-4870-A696-CAFCC99F98AB}.CD_ROM|x86.ActiveCfg = Release|x86
		{85B62D2D-F5A7-4870-A696-CAFCC99F98AB}.CD_ROM|x86.Build.0 = Release|x86
		{85B62D2D-F5A7-4870-A696-CAFCC99F98AB}.Debug|Any CPU.ActiveCfg = Debug|x86
		{85B62D2D-F5A7-4870-A696-CAFCC99F98AB}.Debug|Mixed Platforms.ActiveCfg = Debug|x86
		{85B62D2D-F5A7-4870-A696-CAFCC99F98AB}.Debug|Mixed Platforms.Build.0 = Debug|x86
		{85B62D2D-F5A7-4870-A696-CAFCC99F98AB}.Debug|x86.ActiveCfg = Debug|x86
		{85B62D2D-F5A7-4870-A696-CAFCC99F98AB}.Debug|x86.Build.0 = Debug|x86
		{85B62D2D-F5A7-4870-A696-CAFCC99F98AB}.DVD-5|Any CPU.ActiveCfg = Debug|x86
		{85B62D2D-F5A7-4870-A696-CAFCC99F98AB}.DVD-5|Mixed Platforms.ActiveCfg = Debug|x86
		{85B62D2D-F5A7-4870-A696-CAFCC99F98AB}.DVD-5|Mixed Platforms.Build.0 = Debug|x86
		{85B62D2D-F5A7-4870-A696-CAFCC99F98AB}.DVD-5|x86.ActiveCfg = Debug|x86
		{85B62D2D-F5A7-4870-A696-CAFCC99F98AB}.DVD-5|x86.Build.0 = Debug|x86
		{85B62D2D-F5A7-4870-A696-CAFCC99F98AB}.Release|Any CPU.ActiveCfg = Release|x86
		{85B62D2D-F5A7-4870-A696-CAFCC99F98AB}.Release|Mixed Platforms.ActiveCfg = Release|x86
		{85B62D2D-F5A7-4870-A696-CAFCC99F98AB}.Release|Mixed Platforms.Build.0 = Release|x86
		{85B62D2D-F5A7-4870-A696-CAFCC99F98AB}.Release|x86.ActiveCfg = Release|x86
		{85B62D2D-F5A7-4870-A696-CAFCC99F98AB}.Release|x86.Build.0 = Release|x86
		{85B62D2D-F5A7-4870-A696-CAFCC99F98AB}.SingleImage|Any CPU.ActiveCfg = Release|x86
		{85B62D2D-F5A7-4870-A696-CAFCC99F98AB}.SingleImage|Mixed Platforms.ActiveCfg = Release|x86
		{85B62D2D-F5A7-4870-A696-CAFCC99F98AB}.SingleImage|Mixed Platforms.Build.0 = Release|x86
		{85B62D2D-F5A7-4870-A696-CAFCC99F98AB}.SingleImage|x86.ActiveCfg = Release|x86
		{85B62D2D-F5A7-4870-A696-CAFCC99F98AB}.SingleImage|x86.Build.0 = Release|x86
		{F2A39DA4-3262-4B14-AA10-AAD26FCEE230}.CD_ROM|Any CPU.ActiveCfg = Release|Any CPU
		{F2A39DA4-3262-4B14-AA10-AAD26FCEE230}.CD_ROM|Any CPU.Build.0 = Release|Any CPU
		{F2A39DA4-3262-4B14-AA10-AAD26FCEE230}.CD_ROM|Mixed Platforms.ActiveCfg = Release|Any CPU
		{F2A39DA4-3262-4B14-AA10-AAD26FCEE230}.CD_ROM|Mixed Platforms.Build.0 = Release|Any CPU
		{F2A39DA4-3262-4B14-AA10-AAD26FCEE230}.CD_ROM|x86.ActiveCfg = Release|Any CPU
		{F2A39DA4-3262-4B14-AA10-AAD26FCEE230}.Debug|Any CPU.ActiveCfg = Debug|Any CPU
		{F2A39DA4-3262-4B14-AA10-AAD26FCEE230}.Debug|Any CPU.Build.0 = Debug|Any CPU
		{F2A39DA4-3262-4B14-AA10-AAD26FCEE230}.Debug|Mixed Platforms.ActiveCfg = Debug|Any CPU
		{F2A39DA4-3262-4B14-AA10-AAD26FCEE230}.Debug|Mixed Platforms.Build.0 = Debug|Any CPU
		{F2A39DA4-3262-4B14-AA10-AAD26FCEE230}.Debug|x86.ActiveCfg = Debug|Any CPU
		{F2A39DA4-3262-4B14-AA10-AAD26FCEE230}.DVD-5|Any CPU.ActiveCfg = Debug|Any CPU
		{F2A39DA4-3262-4B14-AA10-AAD26FCEE230}.DVD-5|Any CPU.Build.0 = Debug|Any CPU
		{F2A39DA4-3262-4B14-AA10-AAD26FCEE230}.DVD-5|Mixed Platforms.ActiveCfg = Debug|Any CPU
		{F2A39DA4-3262-4B14-AA10-AAD26FCEE230}.DVD-5|Mixed Platforms.Build.0 = Debug|Any CPU
		{F2A39DA4-3262-4B14-AA10-AAD26FCEE230}.DVD-5|x86.ActiveCfg = Debug|Any CPU
		{F2A39DA4-3262-4B14-AA10-AAD26FCEE230}.Release|Any CPU.ActiveCfg = Release|Any CPU
		{F2A39DA4-3262-4B14-AA10-AAD26FCEE230}.Release|Any CPU.Build.0 = Release|Any CPU
		{F2A39DA4-3262-4B14-AA10-AAD26FCEE230}.Release|Mixed Platforms.ActiveCfg = Release|Any CPU
		{F2A39DA4-3262-4B14-AA10-AAD26FCEE230}.Release|Mixed Platforms.Build.0 = Release|Any CPU
		{F2A39DA4-3262-4B14-AA10-AAD26FCEE230}.Release|x86.ActiveCfg = Release|Any CPU
		{F2A39DA4-3262-4B14-AA10-AAD26FCEE230}.SingleImage|Any CPU.ActiveCfg = Release|Any CPU
		{F2A39DA4-3262-4B14-AA10-AAD26FCEE230}.SingleImage|Any CPU.Build.0 = Release|Any CPU
		{F2A39DA4-3262-4B14-AA10-AAD26FCEE230}.SingleImage|Mixed Platforms.ActiveCfg = Release|Any CPU
		{F2A39DA4-3262-4B14-AA10-AAD26FCEE230}.SingleImage|Mixed Platforms.Build.0 = Release|Any CPU
		{F2A39DA4-3262-4B14-AA10-AAD26FCEE230}.SingleImage|x86.ActiveCfg = Release|Any CPU
		{AA8BF0AF-7267-4FA7-9482-12622EDBFD9E}.CD_ROM|Any CPU.ActiveCfg = Release|x86
		{AA8BF0AF-7267-4FA7-9482-12622EDBFD9E}.CD_ROM|Mixed Platforms.ActiveCfg = Release|x86
		{AA8BF0AF-7267-4FA7-9482-12622EDBFD9E}.CD_ROM|Mixed Platforms.Build.0 = Release|x86
		{AA8BF0AF-7267-4FA7-9482-12622EDBFD9E}.CD_ROM|x86.ActiveCfg = Release|x86
		{AA8BF0AF-7267-4FA7-9482-12622EDBFD9E}.CD_ROM|x86.Build.0 = Release|x86
		{AA8BF0AF-7267-4FA7-9482-12622EDBFD9E}.Debug|Any CPU.ActiveCfg = Debug|x86
		{AA8BF0AF-7267-4FA7-9482-12622EDBFD9E}.Debug|Mixed Platforms.ActiveCfg = Debug|x86
		{AA8BF0AF-7267-4FA7-9482-12622EDBFD9E}.Debug|Mixed Platforms.Build.0 = Debug|x86
		{AA8BF0AF-7267-4FA7-9482-12622EDBFD9E}.Debug|x86.ActiveCfg = Debug|x86
		{AA8BF0AF-7267-4FA7-9482-12622EDBFD9E}.Debug|x86.Build.0 = Debug|x86
		{AA8BF0AF-7267-4FA7-9482-12622EDBFD9E}.DVD-5|Any CPU.ActiveCfg = Debug|x86
		{AA8BF0AF-7267-4FA7-9482-12622EDBFD9E}.DVD-5|Mixed Platforms.ActiveCfg = Debug|x86
		{AA8BF0AF-7267-4FA7-9482-12622EDBFD9E}.DVD-5|Mixed Platforms.Build.0 = Debug|x86
		{AA8BF0AF-7267-4FA7-9482-12622EDBFD9E}.DVD-5|x86.ActiveCfg = Debug|x86
		{AA8BF0AF-7267-4FA7-9482-12622EDBFD9E}.DVD-5|x86.Build.0 = Debug|x86
		{AA8BF0AF-7267-4FA7-9482-12622EDBFD9E}.Release|Any CPU.ActiveCfg = Release|x86
		{AA8BF0AF-7267-4FA7-9482-12622EDBFD9E}.Release|Mixed Platforms.ActiveCfg = Release|x86
		{AA8BF0AF-7267-4FA7-9482-12622EDBFD9E}.Release|Mixed Platforms.Build.0 = Release|x86
		{AA8BF0AF-7267-4FA7-9482-12622EDBFD9E}.Release|x86.ActiveCfg = Release|x86
		{AA8BF0AF-7267-4FA7-9482-12622EDBFD9E}.Release|x86.Build.0 = Release|x86
		{AA8BF0AF-7267-4FA7-9482-12622EDBFD9E}.SingleImage|Any CPU.ActiveCfg = Release|x86
		{AA8BF0AF-7267-4FA7-9482-12622EDBFD9E}.SingleImage|Mixed Platforms.ActiveCfg = Release|x86
		{AA8BF0AF-7267-4FA7-9482-12622EDBFD9E}.SingleImage|Mixed Platforms.Build.0 = Release|x86
		{AA8BF0AF-7267-4FA7-9482-12622EDBFD9E}.SingleImage|x86.ActiveCfg = Release|x86
		{AA8BF0AF-7267-4FA7-9482-12622EDBFD9E}.SingleImage|x86.Build.0 = Release|x86
		{E2BC281A-765A-409A-9B5D-5BE51E0F9F88}.CD_ROM|Any CPU.ActiveCfg = Release|x86
		{E2BC281A-765A-409A-9B5D-5BE51E0F9F88}.CD_ROM|Mixed Platforms.ActiveCfg = Release|x86
		{E2BC281A-765A-409A-9B5D-5BE51E0F9F88}.CD_ROM|Mixed Platforms.Build.0 = Release|x86
		{E2BC281A-765A-409A-9B5D-5BE51E0F9F88}.CD_ROM|x86.ActiveCfg = Release|x86
		{E2BC281A-765A-409A-9B5D-5BE51E0F9F88}.CD_ROM|x86.Build.0 = Release|x86
		{E2BC281A-765A-409A-9B5D-5BE51E0F9F88}.Debug|Any CPU.ActiveCfg = Debug|x86
		{E2BC281A-765A-409A-9B5D-5BE51E0F9F88}.Debug|Mixed Platforms.ActiveCfg = Debug|x86
		{E2BC281A-765A-409A-9B5D-5BE51E0F9F88}.Debug|Mixed Platforms.Build.0 = Debug|x86
		{E2BC281A-765A-409A-9B5D-5BE51E0F9F88}.Debug|x86.ActiveCfg = Debug|x86
		{E2BC281A-765A-409A-9B5D-5BE51E0F9F88}.Debug|x86.Build.0 = Debug|x86
		{E2BC281A-765A-409A-9B5D-5BE51E0F9F88}.DVD-5|Any CPU.ActiveCfg = Debug|x86
		{E2BC281A-765A-409A-9B5D-5BE51E0F9F88}.DVD-5|Mixed Platforms.ActiveCfg = Debug|x86
		{E2BC281A-765A-409A-9B5D-5BE51E0F9F88}.DVD-5|Mixed Platforms.Build.0 = Debug|x86
		{E2BC281A-765A-409A-9B5D-5BE51E0F9F88}.DVD-5|x86.ActiveCfg = Debug|x86
		{E2BC281A-765A-409A-9B5D-5BE51E0F9F88}.DVD-5|x86.Build.0 = Debug|x86
		{E2BC281A-765A-409A-9B5D-5BE51E0F9F88}.Release|Any CPU.ActiveCfg = Release|x86
		{E2BC281A-765A-409A-9B5D-5BE51E0F9F88}.Release|Mixed Platforms.ActiveCfg = Release|x86
		{E2BC281A-765A-409A-9B5D-5BE51E0F9F88}.Release|Mixed Platforms.Build.0 = Release|x86
		{E2BC281A-765A-409A-9B5D-5BE51E0F9F88}.Release|x86.ActiveCfg = Release|x86
		{E2BC281A-765A-409A-9B5D-5BE51E0F9F88}.Release|x86.Build.0 = Release|x86
		{E2BC281A-765A-409A-9B5D-5BE51E0F9F88}.SingleImage|Any CPU.ActiveCfg = Release|x86
		{E2BC281A-765A-409A-9B5D-5BE51E0F9F88}.SingleImage|Mixed Platforms.ActiveCfg = Release|x86
		{E2BC281A-765A-409A-9B5D-5BE51E0F9F88}.SingleImage|Mixed Platforms.Build.0 = Release|x86
		{E2BC281A-765A-409A-9B5D-5BE51E0F9F88}.SingleImage|x86.ActiveCfg = Release|x86
		{E2BC281A-765A-409A-9B5D-5BE51E0F9F88}.SingleImage|x86.Build.0 = Release|x86
		{DCB9D13B-5D4A-47AF-991C-2539D0018582}.CD_ROM|Any CPU.ActiveCfg = Release|Any CPU
		{DCB9D13B-5D4A-47AF-991C-2539D0018582}.CD_ROM|Any CPU.Build.0 = Release|Any CPU
		{DCB9D13B-5D4A-47AF-991C-2539D0018582}.CD_ROM|Mixed Platforms.ActiveCfg = Release|Any CPU
		{DCB9D13B-5D4A-47AF-991C-2539D0018582}.CD_ROM|Mixed Platforms.Build.0 = Release|Any CPU
		{DCB9D13B-5D4A-47AF-991C-2539D0018582}.CD_ROM|x86.ActiveCfg = Release|Any CPU
		{DCB9D13B-5D4A-47AF-991C-2539D0018582}.Debug|Any CPU.ActiveCfg = Debug|Any CPU
		{DCB9D13B-5D4A-47AF-991C-2539D0018582}.Debug|Any CPU.Build.0 = Debug|Any CPU
		{DCB9D13B-5D4A-47AF-991C-2539D0018582}.Debug|Mixed Platforms.ActiveCfg = Debug|Any CPU
		{DCB9D13B-5D4A-47AF-991C-2539D0018582}.Debug|Mixed Platforms.Build.0 = Debug|Any CPU
		{DCB9D13B-5D4A-47AF-991C-2539D0018582}.Debug|x86.ActiveCfg = Debug|Any CPU
		{DCB9D13B-5D4A-47AF-991C-2539D0018582}.DVD-5|Any CPU.ActiveCfg = Debug|Any CPU
		{DCB9D13B-5D4A-47AF-991C-2539D0018582}.DVD-5|Any CPU.Build.0 = Debug|Any CPU
		{DCB9D13B-5D4A-47AF-991C-2539D0018582}.DVD-5|Mixed Platforms.ActiveCfg = Debug|Any CPU
		{DCB9D13B-5D4A-47AF-991C-2539D0018582}.DVD-5|Mixed Platforms.Build.0 = Debug|Any CPU
		{DCB9D13B-5D4A-47AF-991C-2539D0018582}.DVD-5|x86.ActiveCfg = Debug|Any CPU
		{DCB9D13B-5D4A-47AF-991C-2539D0018582}.Release|Any CPU.ActiveCfg = Release|Any CPU
		{DCB9D13B-5D4A-47AF-991C-2539D0018582}.Release|Any CPU.Build.0 = Release|Any CPU
		{DCB9D13B-5D4A-47AF-991C-2539D0018582}.Release|Mixed Platforms.ActiveCfg = Release|Any CPU
		{DCB9D13B-5D4A-47AF-991C-2539D0018582}.Release|Mixed Platforms.Build.0 = Release|Any CPU
		{DCB9D13B-5D4A-47AF-991C-2539D0018582}.Release|x86.ActiveCfg = Release|Any CPU
		{DCB9D13B-5D4A-47AF-991C-2539D0018582}.SingleImage|Any CPU.ActiveCfg = Release|Any CPU
		{DCB9D13B-5D4A-47AF-991C-2539D0018582}.SingleImage|Any CPU.Build.0 = Release|Any CPU
		{DCB9D13B-5D4A-47AF-991C-2539D0018582}.SingleImage|Mixed Platforms.ActiveCfg = Release|Any CPU
		{DCB9D13B-5D4A-47AF-991C-2539D0018582}.SingleImage|Mixed Platforms.Build.0 = Release|Any CPU
		{DCB9D13B-5D4A-47AF-991C-2539D0018582}.SingleImage|x86.ActiveCfg = Release|Any CPU
		{070DC81C-DBB2-4146-90B8-CE87567E4ACF}.CD_ROM|Any CPU.ActiveCfg = Release|x86
		{070DC81C-DBB2-4146-90B8-CE87567E4ACF}.CD_ROM|Mixed Platforms.ActiveCfg = Release|x86
		{070DC81C-DBB2-4146-90B8-CE87567E4ACF}.CD_ROM|Mixed Platforms.Build.0 = Release|x86
		{070DC81C-DBB2-4146-90B8-CE87567E4ACF}.CD_ROM|x86.ActiveCfg = Release|x86
		{070DC81C-DBB2-4146-90B8-CE87567E4ACF}.CD_ROM|x86.Build.0 = Release|x86
		{070DC81C-DBB2-4146-90B8-CE87567E4ACF}.Debug|Any CPU.ActiveCfg = Debug|x86
		{070DC81C-DBB2-4146-90B8-CE87567E4ACF}.Debug|Mixed Platforms.ActiveCfg = Debug|x86
		{070DC81C-DBB2-4146-90B8-CE87567E4ACF}.Debug|Mixed Platforms.Build.0 = Debug|x86
		{070DC81C-DBB2-4146-90B8-CE87567E4ACF}.Debug|x86.ActiveCfg = Debug|x86
		{070DC81C-DBB2-4146-90B8-CE87567E4ACF}.Debug|x86.Build.0 = Debug|x86
		{070DC81C-DBB2-4146-90B8-CE87567E4ACF}.DVD-5|Any CPU.ActiveCfg = Debug|x86
		{070DC81C-DBB2-4146-90B8-CE87567E4ACF}.DVD-5|Mixed Platforms.ActiveCfg = Debug|x86
		{070DC81C-DBB2-4146-90B8-CE87567E4ACF}.DVD-5|Mixed Platforms.Build.0 = Debug|x86
		{070DC81C-DBB2-4146-90B8-CE87567E4ACF}.DVD-5|x86.ActiveCfg = Debug|x86
		{070DC81C-DBB2-4146-90B8-CE87567E4ACF}.DVD-5|x86.Build.0 = Debug|x86
		{070DC81C-DBB2-4146-90B8-CE87567E4ACF}.Release|Any CPU.ActiveCfg = Release|x86
		{070DC81C-DBB2-4146-90B8-CE87567E4ACF}.Release|Mixed Platforms.ActiveCfg = Release|x86
		{070DC81C-DBB2-4146-90B8-CE87567E4ACF}.Release|Mixed Platforms.Build.0 = Release|x86
		{070DC81C-DBB2-4146-90B8-CE87567E4ACF}.Release|x86.ActiveCfg = Release|x86
		{070DC81C-DBB2-4146-90B8-CE87567E4ACF}.Release|x86.Build.0 = Release|x86
		{070DC81C-DBB2-4146-90B8-CE87567E4ACF}.SingleImage|Any CPU.ActiveCfg = Release|x86
		{070DC81C-DBB2-4146-90B8-CE87567E4ACF}.SingleImage|Mixed Platforms.ActiveCfg = Release|x86
		{070DC81C-DBB2-4146-90B8-CE87567E4ACF}.SingleImage|Mixed Platforms.Build.0 = Release|x86
		{070DC81C-DBB2-4146-90B8-CE87567E4ACF}.SingleImage|x86.ActiveCfg = Release|x86
		{070DC81C-DBB2-4146-90B8-CE87567E4ACF}.SingleImage|x86.Build.0 = Release|x86
		{F78AFF30-6D0A-45D7-93D7-EED4A1B97C1E}.CD_ROM|Any CPU.ActiveCfg = Release|x86
		{F78AFF30-6D0A-45D7-93D7-EED4A1B97C1E}.CD_ROM|Mixed Platforms.ActiveCfg = Release|x86
		{F78AFF30-6D0A-45D7-93D7-EED4A1B97C1E}.CD_ROM|Mixed Platforms.Build.0 = Release|x86
		{F78AFF30-6D0A-45D7-93D7-EED4A1B97C1E}.CD_ROM|x86.ActiveCfg = Release|x86
		{F78AFF30-6D0A-45D7-93D7-EED4A1B97C1E}.CD_ROM|x86.Build.0 = Release|x86
		{F78AFF30-6D0A-45D7-93D7-EED4A1B97C1E}.Debug|Any CPU.ActiveCfg = Debug|x86
		{F78AFF30-6D0A-45D7-93D7-EED4A1B97C1E}.Debug|Mixed Platforms.ActiveCfg = Debug|x86
		{F78AFF30-6D0A-45D7-93D7-EED4A1B97C1E}.Debug|Mixed Platforms.Build.0 = Debug|x86
		{F78AFF30-6D0A-45D7-93D7-EED4A1B97C1E}.Debug|x86.ActiveCfg = Debug|x86
		{F78AFF30-6D0A-45D7-93D7-EED4A1B97C1E}.Debug|x86.Build.0 = Debug|x86
		{F78AFF30-6D0A-45D7-93D7-EED4A1B97C1E}.DVD-5|Any CPU.ActiveCfg = Debug|x86
		{F78AFF30-6D0A-45D7-93D7-EED4A1B97C1E}.DVD-5|Mixed Platforms.ActiveCfg = Debug|x86
		{F78AFF30-6D0A-45D7-93D7-EED4A1B97C1E}.DVD-5|Mixed Platforms.Build.0 = Debug|x86
		{F78AFF30-6D0A-45D7-93D7-EED4A1B97C1E}.DVD-5|x86.ActiveCfg = Debug|x86
		{F78AFF30-6D0A-45D7-93D7-EED4A1B97C1E}.DVD-5|x86.Build.0 = Debug|x86
		{F78AFF30-6D0A-45D7-93D7-EED4A1B97C1E}.Release|Any CPU.ActiveCfg = Release|x86
		{F78AFF30-6D0A-45D7-93D7-EED4A1B97C1E}.Release|Mixed Platforms.ActiveCfg = Release|x86
		{F78AFF30-6D0A-45D7-93D7-EED4A1B97C1E}.Release|Mixed Platforms.Build.0 = Release|x86
		{F78AFF30-6D0A-45D7-93D7-EED4A1B97C1E}.Release|x86.ActiveCfg = Release|x86
		{F78AFF30-6D0A-45D7-93D7-EED4A1B97C1E}.Release|x86.Build.0 = Release|x86
		{F78AFF30-6D0A-45D7-93D7-EED4A1B97C1E}.SingleImage|Any CPU.ActiveCfg = Release|x86
		{F78AFF30-6D0A-45D7-93D7-EED4A1B97C1E}.SingleImage|Mixed Platforms.ActiveCfg = Release|x86
		{F78AFF30-6D0A-45D7-93D7-EED4A1B97C1E}.SingleImage|Mixed Platforms.Build.0 = Release|x86
		{F78AFF30-6D0A-45D7-93D7-EED4A1B97C1E}.SingleImage|x86.ActiveCfg = Release|x86
		{F78AFF30-6D0A-45D7-93D7-EED4A1B97C1E}.SingleImage|x86.Build.0 = Release|x86
		{B42466AF-9007-45B9-B238-4E7C89AF4916}.CD_ROM|Any CPU.ActiveCfg = Release|Any CPU
		{B42466AF-9007-45B9-B238-4E7C89AF4916}.CD_ROM|Any CPU.Build.0 = Release|Any CPU
		{B42466AF-9007-45B9-B238-4E7C89AF4916}.CD_ROM|Mixed Platforms.ActiveCfg = Release|Any CPU
		{B42466AF-9007-45B9-B238-4E7C89AF4916}.CD_ROM|Mixed Platforms.Build.0 = Release|Any CPU
		{B42466AF-9007-45B9-B238-4E7C89AF4916}.CD_ROM|x86.ActiveCfg = Release|Any CPU
		{B42466AF-9007-45B9-B238-4E7C89AF4916}.Debug|Any CPU.ActiveCfg = Debug|Any CPU
		{B42466AF-9007-45B9-B238-4E7C89AF4916}.Debug|Any CPU.Build.0 = Debug|Any CPU
		{B42466AF-9007-45B9-B238-4E7C89AF4916}.Debug|Mixed Platforms.ActiveCfg = Debug|Any CPU
		{B42466AF-9007-45B9-B238-4E7C89AF4916}.Debug|Mixed Platforms.Build.0 = Debug|Any CPU
		{B42466AF-9007-45B9-B238-4E7C89AF4916}.Debug|x86.ActiveCfg = Debug|Any CPU
		{B42466AF-9007-45B9-B238-4E7C89AF4916}.DVD-5|Any CPU.ActiveCfg = Debug|Any CPU
		{B42466AF-9007-45B9-B238-4E7C89AF4916}.DVD-5|Any CPU.Build.0 = Debug|Any CPU
		{B42466AF-9007-45B9-B238-4E7C89AF4916}.DVD-5|Mixed Platforms.ActiveCfg = Debug|Any CPU
		{B42466AF-9007-45B9-B238-4E7C89AF4916}.DVD-5|Mixed Platforms.Build.0 = Debug|Any CPU
		{B42466AF-9007-45B9-B238-4E7C89AF4916}.DVD-5|x86.ActiveCfg = Debug|Any CPU
		{B42466AF-9007-45B9-B238-4E7C89AF4916}.Release|Any CPU.ActiveCfg = Release|Any CPU
		{B42466AF-9007-45B9-B238-4E7C89AF4916}.Release|Any CPU.Build.0 = Release|Any CPU
		{B42466AF-9007-45B9-B238-4E7C89AF4916}.Release|Mixed Platforms.ActiveCfg = Release|Any CPU
		{B42466AF-9007-45B9-B238-4E7C89AF4916}.Release|Mixed Platforms.Build.0 = Release|Any CPU
		{B42466AF-9007-45B9-B238-4E7C89AF4916}.Release|x86.ActiveCfg = Release|Any CPU
		{B42466AF-9007-45B9-B238-4E7C89AF4916}.SingleImage|Any CPU.ActiveCfg = Release|Any CPU
		{B42466AF-9007-45B9-B238-4E7C89AF4916}.SingleImage|Any CPU.Build.0 = Release|Any CPU
		{B42466AF-9007-45B9-B238-4E7C89AF4916}.SingleImage|Mixed Platforms.ActiveCfg = Release|Any CPU
		{B42466AF-9007-45B9-B238-4E7C89AF4916}.SingleImage|Mixed Platforms.Build.0 = Release|Any CPU
		{B42466AF-9007-45B9-B238-4E7C89AF4916}.SingleImage|x86.ActiveCfg = Release|Any CPU
		{AADC8B99-BB9F-43D5-9C36-A9D1EBBCAD38}.CD_ROM|Any CPU.ActiveCfg = CD_ROM
		{AADC8B99-BB9F-43D5-9C36-A9D1EBBCAD38}.CD_ROM|Any CPU.Build.0 = CD_ROM
		{AADC8B99-BB9F-43D5-9C36-A9D1EBBCAD38}.CD_ROM|Mixed Platforms.ActiveCfg = CD_ROM
		{AADC8B99-BB9F-43D5-9C36-A9D1EBBCAD38}.CD_ROM|Mixed Platforms.Build.0 = CD_ROM
		{AADC8B99-BB9F-43D5-9C36-A9D1EBBCAD38}.CD_ROM|x86.ActiveCfg = CD_ROM
		{AADC8B99-BB9F-43D5-9C36-A9D1EBBCAD38}.CD_ROM|x86.Build.0 = CD_ROM
		{AADC8B99-BB9F-43D5-9C36-A9D1EBBCAD38}.Debug|Any CPU.ActiveCfg = DVD-5
		{AADC8B99-BB9F-43D5-9C36-A9D1EBBCAD38}.Debug|Any CPU.Build.0 = DVD-5
		{AADC8B99-BB9F-43D5-9C36-A9D1EBBCAD38}.Debug|Mixed Platforms.ActiveCfg = DVD-5
		{AADC8B99-BB9F-43D5-9C36-A9D1EBBCAD38}.Debug|Mixed Platforms.Build.0 = DVD-5
		{AADC8B99-BB9F-43D5-9C36-A9D1EBBCAD38}.Debug|x86.ActiveCfg = DVD-5
		{AADC8B99-BB9F-43D5-9C36-A9D1EBBCAD38}.Debug|x86.Build.0 = DVD-5
		{AADC8B99-BB9F-43D5-9C36-A9D1EBBCAD38}.DVD-5|Any CPU.ActiveCfg = DVD-5
		{AADC8B99-BB9F-43D5-9C36-A9D1EBBCAD38}.DVD-5|Any CPU.Build.0 = DVD-5
		{AADC8B99-BB9F-43D5-9C36-A9D1EBBCAD38}.DVD-5|Mixed Platforms.ActiveCfg = DVD-5
		{AADC8B99-BB9F-43D5-9C36-A9D1EBBCAD38}.DVD-5|Mixed Platforms.Build.0 = DVD-5
		{AADC8B99-BB9F-43D5-9C36-A9D1EBBCAD38}.DVD-5|x86.ActiveCfg = DVD-5
		{AADC8B99-BB9F-43D5-9C36-A9D1EBBCAD38}.DVD-5|x86.Build.0 = DVD-5
		{AADC8B99-BB9F-43D5-9C36-A9D1EBBCAD38}.Release|Any CPU.ActiveCfg = SingleImage
		{AADC8B99-BB9F-43D5-9C36-A9D1EBBCAD38}.Release|Any CPU.Build.0 = SingleImage
		{AADC8B99-BB9F-43D5-9C36-A9D1EBBCAD38}.Release|Mixed Platforms.ActiveCfg = SingleImage
		{AADC8B99-BB9F-43D5-9C36-A9D1EBBCAD38}.Release|Mixed Platforms.Build.0 = SingleImage
		{AADC8B99-BB9F-43D5-9C36-A9D1EBBCAD38}.Release|x86.ActiveCfg = SingleImage
		{AADC8B99-BB9F-43D5-9C36-A9D1EBBCAD38}.Release|x86.Build.0 = SingleImage
		{AADC8B99-BB9F-43D5-9C36-A9D1EBBCAD38}.SingleImage|Any CPU.ActiveCfg = SingleImage
		{AADC8B99-BB9F-43D5-9C36-A9D1EBBCAD38}.SingleImage|Any CPU.Build.0 = SingleImage
		{AADC8B99-BB9F-43D5-9C36-A9D1EBBCAD38}.SingleImage|Mixed Platforms.ActiveCfg = SingleImage
		{AADC8B99-BB9F-43D5-9C36-A9D1EBBCAD38}.SingleImage|Mixed Platforms.Build.0 = SingleImage
		{AADC8B99-BB9F-43D5-9C36-A9D1EBBCAD38}.SingleImage|x86.ActiveCfg = SingleImage
		{AADC8B99-BB9F-43D5-9C36-A9D1EBBCAD38}.SingleImage|x86.Build.0 = SingleImage
		{DC27A3E6-71FE-4A9A-9372-B85395FCD718}.CD_ROM|Any CPU.ActiveCfg = Release|Any CPU
		{DC27A3E6-71FE-4A9A-9372-B85395FCD718}.CD_ROM|Any CPU.Build.0 = Release|Any CPU
		{DC27A3E6-71FE-4A9A-9372-B85395FCD718}.CD_ROM|Mixed Platforms.ActiveCfg = Release|Any CPU
		{DC27A3E6-71FE-4A9A-9372-B85395FCD718}.CD_ROM|Mixed Platforms.Build.0 = Release|Any CPU
		{DC27A3E6-71FE-4A9A-9372-B85395FCD718}.CD_ROM|x86.ActiveCfg = Release|Any CPU
		{DC27A3E6-71FE-4A9A-9372-B85395FCD718}.Debug|Any CPU.ActiveCfg = Debug|Any CPU
		{DC27A3E6-71FE-4A9A-9372-B85395FCD718}.Debug|Any CPU.Build.0 = Debug|Any CPU
		{DC27A3E6-71FE-4A9A-9372-B85395FCD718}.Debug|Mixed Platforms.ActiveCfg = Debug|Any CPU
		{DC27A3E6-71FE-4A9A-9372-B85395FCD718}.Debug|Mixed Platforms.Build.0 = Debug|Any CPU
		{DC27A3E6-71FE-4A9A-9372-B85395FCD718}.Debug|x86.ActiveCfg = Debug|Any CPU
		{DC27A3E6-71FE-4A9A-9372-B85395FCD718}.DVD-5|Any CPU.ActiveCfg = Debug|Any CPU
		{DC27A3E6-71FE-4A9A-9372-B85395FCD718}.DVD-5|Any CPU.Build.0 = Debug|Any CPU
		{DC27A3E6-71FE-4A9A-9372-B85395FCD718}.DVD-5|Mixed Platforms.ActiveCfg = Debug|Any CPU
		{DC27A3E6-71FE-4A9A-9372-B85395FCD718}.DVD-5|Mixed Platforms.Build.0 = Debug|Any CPU
		{DC27A3E6-71FE-4A9A-9372-B85395FCD718}.DVD-5|x86.ActiveCfg = Debug|Any CPU
		{DC27A3E6-71FE-4A9A-9372-B85395FCD718}.Release|Any CPU.ActiveCfg = Release|Any CPU
		{DC27A3E6-71FE-4A9A-9372-B85395FCD718}.Release|Any CPU.Build.0 = Release|Any CPU
		{DC27A3E6-71FE-4A9A-9372-B85395FCD718}.Release|Mixed Platforms.ActiveCfg = Release|Any CPU
		{DC27A3E6-71FE-4A9A-9372-B85395FCD718}.Release|Mixed Platforms.Build.0 = Release|Any CPU
		{DC27A3E6-71FE-4A9A-9372-B85395FCD718}.Release|x86.ActiveCfg = Release|Any CPU
		{DC27A3E6-71FE-4A9A-9372-B85395FCD718}.SingleImage|Any CPU.ActiveCfg = Release|Any CPU
		{DC27A3E6-71FE-4A9A-9372-B85395FCD718}.SingleImage|Any CPU.Build.0 = Release|Any CPU
		{DC27A3E6-71FE-4A9A-9372-B85395FCD718}.SingleImage|Mixed Platforms.ActiveCfg = Release|Any CPU
		{DC27A3E6-71FE-4A9A-9372-B85395FCD718}.SingleImage|Mixed Platforms.Build.0 = Release|Any CPU
		{DC27A3E6-71FE-4A9A-9372-B85395FCD718}.SingleImage|x86.ActiveCfg = Release|Any CPU
	EndGlobalSection
	GlobalSection(SolutionProperties) = preSolution
		HideSolutionNode = FALSE
	EndGlobalSection
EndGlobal
